
Microsoft Visual Studio Solution File, Format Version 12.00
# Visual Studio Version 17
VisualStudioVersion = 17.0.31903.59
MinimumVisualStudioVersion = 10.0.40219.1
Project("{2150E333-8FDC-42A3-9474-1A3956D46DE8}") = "src", "src", "{827E0CD3-B72D-47B6-A68D-7590B98EB39B}"
EndProject
Project("{FAE04EC0-301F-11D3-BF4B-00C04F79EFBC}") = "AccpacGraphqlClean.Api", "src\AccpacGraphqlClean.Api\AccpacGraphqlClean.Api.csproj", "{C1C62300-2E1B-48F8-96B8-36076A815E00}"
EndProject
Project("{FAE04EC0-301F-11D3-BF4B-00C04F79EFBC}") = "AccpacGraphqlClean.Domain", "src\AccpacGraphqlClean.Domain\AccpacGraphqlClean.Domain.csproj", "{9B0D54C0-23EC-41BE-A118-95719A77A13F}"
EndProject
Project("{FAE04EC0-301F-11D3-BF4B-00C04F79EFBC}") = "AccpacGraphqlClean.Application", "src\AccpacGraphqlClean.Application\AccpacGraphqlClean.Application.csproj", "{E3182CD6-D507-43BC-8BBA-EC819FA9B1DF}"
EndProject
Project("{FAE04EC0-301F-11D3-BF4B-00C04F79EFBC}") = "AccpacGraphqlClean.Infrastructure", "src\AccpacGraphqlClean.Infrastructure\AccpacGraphqlClean.Infrastructure.csproj", "{BDD7FE3C-B0D1-47CA-BB1B-6C3EC374FE1F}"
EndProject
Global
	GlobalSection(SolutionConfigurationPlatforms) = preSolution
		Debug|Any CPU = Debug|Any CPU
		Debug|x64 = Debug|x64
		Debug|x86 = Debug|x86
		Release|Any CPU = Release|Any CPU
		Release|x64 = Release|x64
		Release|x86 = Release|x86
	EndGlobalSection
	GlobalSection(ProjectConfigurationPlatforms) = postSolution
		{C1C62300-2E1B-48F8-96B8-36076A815E00}.Debug|Any CPU.ActiveCfg = Debug|Any CPU
		{C1C62300-2E1B-48F8-96B8-36076A815E00}.Debug|Any CPU.Build.0 = Debug|Any CPU
		{C1C62300-2E1B-48F8-96B8-36076A815E00}.Debug|x64.ActiveCfg = Debug|Any CPU
		{C1C62300-2E1B-48F8-96B8-36076A815E00}.Debug|x64.Build.0 = Debug|Any CPU
		{C1C62300-2E1B-48F8-96B8-36076A815E00}.Debug|x86.ActiveCfg = Debug|Any CPU
		{C1C62300-2E1B-48F8-96B8-36076A815E00}.Debug|x86.Build.0 = Debug|Any CPU
		{C1C62300-2E1B-48F8-96B8-36076A815E00}.Release|Any CPU.ActiveCfg = Release|Any CPU
		{C1C62300-2E1B-48F8-96B8-36076A815E00}.Release|Any CPU.Build.0 = Release|Any CPU
		{C1C62300-2E1B-48F8-96B8-36076A815E00}.Release|x64.ActiveCfg = Release|Any CPU
		{C1C62300-2E1B-48F8-96B8-36076A815E00}.Release|x64.Build.0 = Release|Any CPU
		{C1C62300-2E1B-48F8-96B8-36076A815E00}.Release|x86.ActiveCfg = Release|Any CPU
		{C1C62300-2E1B-48F8-96B8-36076A815E00}.Release|x86.Build.0 = Release|Any CPU
		{9B0D54C0-23EC-41BE-A118-95719A77A13F}.Debug|Any CPU.ActiveCfg = Debug|Any CPU
		{9B0D54C0-23EC-41BE-A118-95719A77A13F}.Debug|Any CPU.Build.0 = Debug|Any CPU
		{9B0D54C0-23EC-41BE-A118-95719A77A13F}.Debug|x64.ActiveCfg = Debug|Any CPU
		{9B0D54C0-23EC-41BE-A118-95719A77A13F}.Debug|x64.Build.0 = Debug|Any CPU
		{9B0D54C0-23EC-41BE-A118-95719A77A13F}.Debug|x86.ActiveCfg = Debug|Any CPU
		{9B0D54C0-23EC-41BE-A118-95719A77A13F}.Debug|x86.Build.0 = Debug|Any CPU
		{9B0D54C0-23EC-41BE-A118-95719A77A13F}.Release|Any CPU.ActiveCfg = Release|Any CPU
		{9B0D54C0-23EC-41BE-A118-95719A77A13F}.Release|Any CPU.Build.0 = Release|Any CPU
		{9B0D54C0-23EC-41BE-A118-95719A77A13F}.Release|x64.ActiveCfg = Release|Any CPU
		{9B0D54C0-23EC-41BE-A118-95719A77A13F}.Release|x64.Build.0 = Release|Any CPU
		{9B0D54C0-23EC-41BE-A118-95719A77A13F}.Release|x86.ActiveCfg = Release|Any CPU
		{9B0D54C0-23EC-41BE-A118-95719A77A13F}.Release|x86.Build.0 = Release|Any CPU
		{E3182CD6-D507-43BC-8BBA-EC819FA9B1DF}.Debug|Any CPU.ActiveCfg = Debug|Any CPU
		{E3182CD6-D507-43BC-8BBA-EC819FA9B1DF}.Debug|Any CPU.Build.0 = Debug|Any CPU
		{E3182CD6-D507-43BC-8BBA-EC819FA9B1DF}.Debug|x64.ActiveCfg = Debug|Any CPU
		{E3182CD6-D507-43BC-8BBA-EC819FA9B1DF}.Debug|x64.Build.0 = Debug|Any CPU
		{E3182CD6-D507-43BC-8BBA-EC819FA9B1DF}.Debug|x86.ActiveCfg = Debug|Any CPU
		{E3182CD6-D507-43BC-8BBA-EC819FA9B1DF}.Debug|x86.Build.0 = Debug|Any CPU
		{E3182CD6-D507-43BC-8BBA-EC819FA9B1DF}.Release|Any CPU.ActiveCfg = Release|Any CPU
		{E3182CD6-D507-43BC-8BBA-EC819FA9B1DF}.Release|Any CPU.Build.0 = Release|Any CPU
		{E3182CD6-D507-43BC-8BBA-EC819FA9B1DF}.Release|x64.ActiveCfg = Release|Any CPU
		{E3182CD6-D507-43BC-8BBA-EC819FA9B1DF}.Release|x64.Build.0 = Release|Any CPU
		{E3182CD6-D507-43BC-8BBA-EC819FA9B1DF}.Release|x86.ActiveCfg = Release|Any CPU
		{E3182CD6-D507-43BC-8BBA-EC819FA9B1DF}.Release|x86.Build.0 = Release|Any CPU
		{BDD7FE3C-B0D1-47CA-BB1B-6C3EC374FE1F}.Debug|Any CPU.ActiveCfg = Debug|Any CPU
		{BDD7FE3C-B0D1-47CA-BB1B-6C3EC374FE1F}.Debug|Any CPU.Build.0 = Debug|Any CPU
		{BDD7FE3C-B0D1-47CA-BB1B-6C3EC374FE1F}.Debug|x64.ActiveCfg = Debug|Any CPU
		{BDD7FE3C-B0D1-47CA-BB1B-6C3EC374FE1F}.Debug|x64.Build.0 = Debug|Any CPU
		{BDD7FE3C-B0D1-47CA-BB1B-6C3EC374FE1F}.Debug|x86.ActiveCfg = Debug|Any CPU
		{BDD7FE3C-B0D1-47CA-BB1B-6C3EC374FE1F}.Debug|x86.Build.0 = Debug|Any CPU
		{BDD7FE3C-B0D1-47CA-BB1B-6C3EC374FE1F}.Release|Any CPU.ActiveCfg = Release|Any CPU
		{BDD7FE3C-B0D1-47CA-BB1B-6C3EC374FE1F}.Release|Any CPU.Build.0 = Release|Any CPU
		{BDD7FE3C-B0D1-47CA-BB1B-6C3EC374FE1F}.Release|x64.ActiveCfg = Release|Any CPU
		{BDD7FE3C-B0D1-47CA-BB1B-6C3EC374FE1F}.Release|x64.Build.0 = Release|Any CPU
		{BDD7FE3C-B0D1-47CA-BB1B-6C3EC374FE1F}.Release|x86.ActiveCfg = Release|Any CPU
		{BDD7FE3C-B0D1-47CA-BB1B-6C3EC374FE1F}.Release|x86.Build.0 = Release|Any CPU
	EndGlobalSection
	GlobalSection(SolutionProperties) = preSolution
		HideSolutionNode = FALSE
	EndGlobalSection
	GlobalSection(NestedProjects) = preSolution
		{C1C62300-2E1B-48F8-96B8-36076A815E00} = {827E0CD3-B72D-47B6-A68D-7590B98EB39B}
		{9B0D54C0-23EC-41BE-A118-95719A77A13F} = {827E0CD3-B72D-47B6-A68D-7590B98EB39B}
		{E3182CD6-D507-43BC-8BBA-EC819FA9B1DF} = {827E0CD3-B72D-47B6-A68D-7590B98EB39B}
		{BDD7FE3C-B0D1-47CA-BB1B-6C3EC374FE1F} = {827E0CD3-B72D-47B6-A68D-7590B98EB39B}
	EndGlobalSection
EndGlobal
