<Solution>
  <Project Path="src/AccpacGraphqlClean.Api/AccpacGraphqlClean.Api.csproj" />
  <Project Path="src/AccpacGraphqlClean.Application/AccpacGraphqlClean.Application.csproj" />
  <Project Path="src/AccpacGraphqlClean.Domain/AccpacGraphqlClean.Domain.csproj" />
  <Project Path="src/AccpacGraphqlClean.Infrastructure/AccpacGraphqlClean.Infrastructure.csproj" />
</Solution>
